
Microsoft Visual Studio Solution File, Format Version 12.00
# Visual Studio 15
VisualStudioVersion = 15.0.28010.2046
MinimumVisualStudioVersion = 10.0.40219.1
Project("{FAE04EC0-301F-11D3-BF4B-00C04F79EFBC}") = "Hw1.Android", "Hw1\Hw1.Android\Hw1.Android.csproj", "{F078FA54-68B2-4C8A-A848-4ADE2F09C126}"
EndProject
Project("{FAE04EC0-301F-11D3-BF4B-00C04F79EFBC}") = "Hw1.iOS", "Hw1\Hw1.iOS\Hw1.iOS.csproj", "{2FAFCF31-CB52-4828-A230-125E86D90E17}"
EndProject
Project("{FAE04EC0-301F-11D3-BF4B-00C04F79EFBC}") = "Hw1", "Hw1\Hw1\Hw1.csproj", "{1F1DAED9-9623-420B-9470-83C0E87E7491}"
EndProject
Global
	GlobalSection(SolutionConfigurationPlatforms) = preSolution
		Ad-Hoc|Any CPU = Ad-Hoc|Any CPU
		Ad-Hoc|iPhone = Ad-Hoc|iPhone
		Ad-Hoc|iPhoneSimulator = Ad-Hoc|iPhoneSimulator
		AppStore|Any CPU = AppStore|Any CPU
		AppStore|iPhone = AppStore|iPhone
		AppStore|iPhoneSimulator = AppStore|iPhoneSimulator
		Debug|Any CPU = Debug|Any CPU
		Debug|iPhone = Debug|iPhone
		Debug|iPhoneSimulator = Debug|iPhoneSimulator
		Release|Any CPU = Release|Any CPU
		Release|iPhone = Release|iPhone
		Release|iPhoneSimulator = Release|iPhoneSimulator
	EndGlobalSection
	GlobalSection(ProjectConfigurationPlatforms) = postSolution
		{F078FA54-68B2-4C8A-A848-4ADE2F09C126}.Ad-Hoc|Any CPU.ActiveCfg = Release|Any CPU
		{F078FA54-68B2-4C8A-A848-4ADE2F09C126}.Ad-Hoc|Any CPU.Build.0 = Release|Any CPU
		{F078FA54-68B2-4C8A-A848-4ADE2F09C126}.Ad-Hoc|Any CPU.Deploy.0 = Release|Any CPU
		{F078FA54-68B2-4C8A-A848-4ADE2F09C126}.Ad-Hoc|iPhone.ActiveCfg = Release|Any CPU
		{F078FA54-68B2-4C8A-A848-4ADE2F09C126}.Ad-Hoc|iPhone.Build.0 = Release|Any CPU
		{F078FA54-68B2-4C8A-A848-4ADE2F09C126}.Ad-Hoc|iPhone.Deploy.0 = Release|Any CPU
		{F078FA54-68B2-4C8A-A848-4ADE2F09C126}.Ad-Hoc|iPhoneSimulator.ActiveCfg = Release|Any CPU
		{F078FA54-68B2-4C8A-A848-4ADE2F09C126}.Ad-Hoc|iPhoneSimulator.Build.0 = Release|Any CPU
		{F078FA54-68B2-4C8A-A848-4ADE2F09C126}.Ad-Hoc|iPhoneSimulator.Deploy.0 = Release|Any CPU
		{F078FA54-68B2-4C8A-A848-4ADE2F09C126}.AppStore|Any CPU.ActiveCfg = Release|Any CPU
		{F078FA54-68B2-4C8A-A848-4ADE2F09C126}.AppStore|Any CPU.Build.0 = Release|Any CPU
		{F078FA54-68B2-4C8A-A848-4ADE2F09C126}.AppStore|Any CPU.Deploy.0 = Release|Any CPU
		{F078FA54-68B2-4C8A-A848-4ADE2F09C126}.AppStore|iPhone.ActiveCfg = Release|Any CPU
		{F078FA54-68B2-4C8A-A848-4ADE2F09C126}.AppStore|iPhone.Build.0 = Release|Any CPU
		{F078FA54-68B2-4C8A-A848-4ADE2F09C126}.AppStore|iPhone.Deploy.0 = Release|Any CPU
		{F078FA54-68B2-4C8A-A848-4ADE2F09C126}.AppStore|iPhoneSimulator.ActiveCfg = Release|Any CPU
		{F078FA54-68B2-4C8A-A848-4ADE2F09C126}.AppStore|iPhoneSimulator.Build.0 = Release|Any CPU
		{F078FA54-68B2-4C8A-A848-4ADE2F09C126}.AppStore|iPhoneSimulator.Deploy.0 = Release|Any CPU
		{F078FA54-68B2-4C8A-A848-4ADE2F09C126}.Debug|Any CPU.ActiveCfg = Debug|Any CPU
		{F078FA54-68B2-4C8A-A848-4ADE2F09C126}.Debug|Any CPU.Build.0 = Debug|Any CPU
		{F078FA54-68B2-4C8A-A848-4ADE2F09C126}.Debug|Any CPU.Deploy.0 = Debug|Any CPU
		{F078FA54-68B2-4C8A-A848-4ADE2F09C126}.Debug|iPhone.ActiveCfg = Debug|Any CPU
		{F078FA54-68B2-4C8A-A848-4ADE2F09C126}.Debug|iPhone.Build.0 = Debug|Any CPU
		{F078FA54-68B2-4C8A-A848-4ADE2F09C126}.Debug|iPhone.Deploy.0 = Debug|Any CPU
		{F078FA54-68B2-4C8A-A848-4ADE2F09C126}.Debug|iPhoneSimulator.ActiveCfg = Debug|Any CPU
		{F078FA54-68B2-4C8A-A848-4ADE2F09C126}.Debug|iPhoneSimulator.Build.0 = Debug|Any CPU
		{F078FA54-68B2-4C8A-A848-4ADE2F09C126}.Debug|iPhoneSimulator.Deploy.0 = Debug|Any CPU
		{F078FA54-68B2-4C8A-A848-4ADE2F09C126}.Release|Any CPU.ActiveCfg = Release|Any CPU
		{F078FA54-68B2-4C8A-A848-4ADE2F09C126}.Release|Any CPU.Build.0 = Release|Any CPU
		{F078FA54-68B2-4C8A-A848-4ADE2F09C126}.Release|Any CPU.Deploy.0 = Release|Any CPU
		{F078FA54-68B2-4C8A-A848-4ADE2F09C126}.Release|iPhone.ActiveCfg = Release|Any CPU
		{F078FA54-68B2-4C8A-A848-4ADE2F09C126}.Release|iPhone.Build.0 = Release|Any CPU
		{F078FA54-68B2-4C8A-A848-4ADE2F09C126}.Release|iPhone.Deploy.0 = Release|Any CPU
		{F078FA54-68B2-4C8A-A848-4ADE2F09C126}.Release|iPhoneSimulator.ActiveCfg = Release|Any CPU
		{F078FA54-68B2-4C8A-A848-4ADE2F09C126}.Release|iPhoneSimulator.Build.0 = Release|Any CPU
		{F078FA54-68B2-4C8A-A848-4ADE2F09C126}.Release|iPhoneSimulator.Deploy.0 = Release|Any CPU
		{2FAFCF31-CB52-4828-A230-125E86D90E17}.Ad-Hoc|Any CPU.ActiveCfg = Ad-Hoc|iPhone
		{2FAFCF31-CB52-4828-A230-125E86D90E17}.Ad-Hoc|Any CPU.Build.0 = Ad-Hoc|iPhone
		{2FAFCF31-CB52-4828-A230-125E86D90E17}.Ad-Hoc|Any CPU.Deploy.0 = Ad-Hoc|iPhone
		{2FAFCF31-CB52-4828-A230-125E86D90E17}.Ad-Hoc|iPhone.ActiveCfg = Ad-Hoc|iPhone
		{2FAFCF31-CB52-4828-A230-125E86D90E17}.Ad-Hoc|iPhone.Build.0 = Ad-Hoc|iPhone
		{2FAFCF31-CB52-4828-A230-125E86D90E17}.Ad-Hoc|iPhone.Deploy.0 = Ad-Hoc|iPhone
		{2FAFCF31-CB52-4828-A230-125E86D90E17}.Ad-Hoc|iPhoneSimulator.ActiveCfg = Ad-Hoc|iPhoneSimulator
		{2FAFCF31-CB52-4828-A230-125E86D90E17}.Ad-Hoc|iPhoneSimulator.Build.0 = Ad-Hoc|iPhoneSimulator
		{2FAFCF31-CB52-4828-A230-125E86D90E17}.Ad-Hoc|iPhoneSimulator.Deploy.0 = Ad-Hoc|iPhoneSimulator
		{2FAFCF31-CB52-4828-A230-125E86D90E17}.AppStore|Any CPU.ActiveCfg = AppStore|iPhone
		{2FAFCF31-CB52-4828-A230-125E86D90E17}.AppStore|Any CPU.Build.0 = AppStore|iPhone
		{2FAFCF31-CB52-4828-A230-125E86D90E17}.AppStore|Any CPU.Deploy.0 = AppStore|iPhone
		{2FAFCF31-CB52-4828-A230-125E86D90E17}.AppStore|iPhone.ActiveCfg = AppStore|iPhone
		{2FAFCF31-CB52-4828-A230-125E86D90E17}.AppStore|iPhone.Build.0 = AppStore|iPhone
		{2FAFCF31-CB52-4828-A230-125E86D90E17}.AppStore|iPhone.Deploy.0 = AppStore|iPhone
		{2FAFCF31-CB52-4828-A230-125E86D90E17}.AppStore|iPhoneSimulator.ActiveCfg = AppStore|iPhoneSimulator
		{2FAFCF31-CB52-4828-A230-125E86D90E17}.AppStore|iPhoneSimulator.Build.0 = AppStore|iPhoneSimulator
		{2FAFCF31-CB52-4828-A230-125E86D90E17}.AppStore|iPhoneSimulator.Deploy.0 = AppStore|iPhoneSimulator
		{2FAFCF31-CB52-4828-A230-125E86D90E17}.Debug|Any CPU.ActiveCfg = Debug|iPhoneSimulator
		{2FAFCF31-CB52-4828-A230-125E86D90E17}.Debug|Any CPU.Build.0 = Debug|iPhoneSimulator
		{2FAFCF31-CB52-4828-A230-125E86D90E17}.Debug|Any CPU.Deploy.0 = Debug|iPhoneSimulator
		{2FAFCF31-CB52-4828-A230-125E86D90E17}.Debug|iPhone.ActiveCfg = Debug|iPhone
		{2FAFCF31-CB52-4828-A230-125E86D90E17}.Debug|iPhone.Build.0 = Debug|iPhone
		{2FAFCF31-CB52-4828-A230-125E86D90E17}.Debug|iPhone.Deploy.0 = Debug|iPhone
		{2FAFCF31-CB52-4828-A230-125E86D90E17}.Debug|iPhoneSimulator.ActiveCfg = Debug|iPhoneSimulator
		{2FAFCF31-CB52-4828-A230-125E86D90E17}.Debug|iPhoneSimulator.Build.0 = Debug|iPhoneSimulator
		{2FAFCF31-CB52-4828-A230-125E86D90E17}.Debug|iPhoneSimulator.Deploy.0 = Debug|iPhoneSimulator
		{2FAFCF31-CB52-4828-A230-125E86D90E17}.Release|Any CPU.ActiveCfg = Release|iPhone
		{2FAFCF31-CB52-4828-A230-125E86D90E17}.Release|Any CPU.Build.0 = Release|iPhone
		{2FAFCF31-CB52-4828-A230-125E86D90E17}.Release|Any CPU.Deploy.0 = Release|iPhone
		{2FAFCF31-CB52-4828-A230-125E86D90E17}.Release|iPhone.ActiveCfg = Release|iPhone
		{2FAFCF31-CB52-4828-A230-125E86D90E17}.Release|iPhone.Build.0 = Release|iPhone
		{2FAFCF31-CB52-4828-A230-125E86D90E17}.Release|iPhone.Deploy.0 = Release|iPhone
		{2FAFCF31-CB52-4828-A230-125E86D90E17}.Release|iPhoneSimulator.ActiveCfg = Release|iPhoneSimulator
		{2FAFCF31-CB52-4828-A230-125E86D90E17}.Release|iPhoneSimulator.Build.0 = Release|iPhoneSimulator
		{2FAFCF31-CB52-4828-A230-125E86D90E17}.Release|iPhoneSimulator.Deploy.0 = Release|iPhoneSimulator
		{1F1DAED9-9623-420B-9470-83C0E87E7491}.Ad-Hoc|Any CPU.ActiveCfg = Debug|Any CPU
		{1F1DAED9-9623-420B-9470-83C0E87E7491}.Ad-Hoc|Any CPU.Build.0 = Debug|Any CPU
		{1F1DAED9-9623-420B-9470-83C0E87E7491}.Ad-Hoc|Any CPU.Deploy.0 = Debug|Any CPU
		{1F1DAED9-9623-420B-9470-83C0E87E7491}.Ad-Hoc|iPhone.ActiveCfg = Debug|Any CPU
		{1F1DAED9-9623-420B-9470-83C0E87E7491}.Ad-Hoc|iPhone.Build.0 = Debug|Any CPU
		{1F1DAED9-9623-420B-9470-83C0E87E7491}.Ad-Hoc|iPhone.Deploy.0 = Debug|Any CPU
		{1F1DAED9-9623-420B-9470-83C0E87E7491}.Ad-Hoc|iPhoneSimulator.ActiveCfg = Debug|Any CPU
		{1F1DAED9-9623-420B-9470-83C0E87E7491}.Ad-Hoc|iPhoneSimulator.Build.0 = Debug|Any CPU
		{1F1DAED9-9623-420B-9470-83C0E87E7491}.Ad-Hoc|iPhoneSimulator.Deploy.0 = Debug|Any CPU
		{1F1DAED9-9623-420B-9470-83C0E87E7491}.AppStore|Any CPU.ActiveCfg = Debug|Any CPU
		{1F1DAED9-9623-420B-9470-83C0E87E7491}.AppStore|Any CPU.Build.0 = Debug|Any CPU
		{1F1DAED9-9623-420B-9470-83C0E87E7491}.AppStore|Any CPU.Deploy.0 = Debug|Any CPU
		{1F1DAED9-9623-420B-9470-83C0E87E7491}.AppStore|iPhone.ActiveCfg = Debug|Any CPU
		{1F1DAED9-9623-420B-9470-83C0E87E7491}.AppStore|iPhone.Build.0 = Debug|Any CPU
		{1F1DAED9-9623-420B-9470-83C0E87E7491}.AppStore|iPhone.Deploy.0 = Debug|Any CPU
		{1F1DAED9-9623-420B-9470-83C0E87E7491}.AppStore|iPhoneSimulator.ActiveCfg = Debug|Any CPU
		{1F1DAED9-9623-420B-9470-83C0E87E7491}.AppStore|iPhoneSimulator.Build.0 = Debug|Any CPU
		{1F1DAED9-9623-420B-9470-83C0E87E7491}.AppStore|iPhoneSimulator.Deploy.0 = Debug|Any CPU
		{1F1DAED9-9623-420B-9470-83C0E87E7491}.Debug|Any CPU.ActiveCfg = Debug|Any CPU
		{1F1DAED9-9623-420B-9470-83C0E87E7491}.Debug|Any CPU.Build.0 = Debug|Any CPU
		{1F1DAED9-9623-420B-9470-83C0E87E7491}.Debug|Any CPU.Deploy.0 = Debug|Any CPU
		{1F1DAED9-9623-420B-9470-83C0E87E7491}.Debug|iPhone.ActiveCfg = Debug|Any CPU
		{1F1DAED9-9623-420B-9470-83C0E87E7491}.Debug|iPhone.Build.0 = Debug|Any CPU
		{1F1DAED9-9623-420B-9470-83C0E87E7491}.Debug|iPhone.Deploy.0 = Debug|Any CPU
		{1F1DAED9-9623-420B-9470-83C0E87E7491}.Debug|iPhoneSimulator.ActiveCfg = Debug|Any CPU
		{1F1DAED9-9623-420B-9470-83C0E87E7491}.Debug|iPhoneSimulator.Build.0 = Debug|Any CPU
		{1F1DAED9-9623-420B-9470-83C0E87E7491}.Debug|iPhoneSimulator.Deploy.0 = Debug|Any CPU
		{1F1DAED9-9623-420B-9470-83C0E87E7491}.Release|Any CPU.ActiveCfg = Release|Any CPU
		{1F1DAED9-9623-420B-9470-83C0E87E7491}.Release|Any CPU.Build.0 = Release|Any CPU
		{1F1DAED9-9623-420B-9470-83C0E87E7491}.Release|Any CPU.Deploy.0 = Release|Any CPU
		{1F1DAED9-9623-420B-9470-83C0E87E7491}.Release|iPhone.ActiveCfg = Release|Any CPU
		{1F1DAED9-9623-420B-9470-83C0E87E7491}.Release|iPhone.Build.0 = Release|Any CPU
		{1F1DAED9-9623-420B-9470-83C0E87E7491}.Release|iPhone.Deploy.0 = Release|Any CPU
		{1F1DAED9-9623-420B-9470-83C0E87E7491}.Release|iPhoneSimulator.ActiveCfg = Release|Any CPU
		{1F1DAED9-9623-420B-9470-83C0E87E7491}.Release|iPhoneSimulator.Build.0 = Release|Any CPU
		{1F1DAED9-9623-420B-9470-83C0E87E7491}.Release|iPhoneSimulator.Deploy.0 = Release|Any CPU
	EndGlobalSection
	GlobalSection(SolutionProperties) = preSolution
		HideSolutionNode = FALSE
	EndGlobalSection
	GlobalSection(ExtensibilityGlobals) = postSolution
		SolutionGuid = {31AEC5DB-CE9F-4538-8BE1-FBFAFF61DDF9}
	EndGlobalSection
EndGlobal
